
Microsoft Visual Studio Solution File, Format Version 12.00
# Visual Studio Version 17
VisualStudioVersion = 17.10.34607.79
MinimumVisualStudioVersion = 10.0.40219.1
Project("{FAE04EC0-301F-11D3-BF4B-00C04F79EFBC}") = "Notion-to-Html", "Notion-to-Html\Notion-to-Html.csproj", "{95FB44EE-58B8-4EBE-860F-B1D93DBA1F32}"
EndProject
Global
	GlobalSection(SolutionConfigurationPlatforms) = preSolution
		Debug|Any CPU = Debug|Any CPU
		Release|Any CPU = Release|Any CPU
	EndGlobalSection
	GlobalSection(ProjectConfigurationPlatforms) = postSolution
		{95FB44EE-58B8-4EBE-860F-B1D93DBA1F32}.Debug|Any CPU.ActiveCfg = Debug|Any CPU
		{95FB44EE-58B8-4EBE-860F-B1D93DBA1F32}.Debug|Any CPU.Build.0 = Debug|Any CPU
		{95FB44EE-58B8-4EBE-860F-B1D93DBA1F32}.Release|Any CPU.ActiveCfg = Release|Any CPU
		{95FB44EE-58B8-4EBE-860F-B1D93DBA1F32}.Release|Any CPU.Build.0 = Release|Any CPU
	EndGlobalSection
	GlobalSection(SolutionProperties) = preSolution
		HideSolutionNode = FALSE
	EndGlobalSection
	GlobalSection(ExtensibilityGlobals) = postSolution
		SolutionGuid = {D84D47E0-29F1-4BC1-B17D-E898C485FD8A}
	EndGlobalSection
EndGlobal
